
Microsoft Visual Studio Solution File, Format Version 12.00
# Visual Studio 15
VisualStudioVersion = 15.0.26124.0
MinimumVisualStudioVersion = 15.0.26124.0
Project("{2150E333-8FDC-42A3-9474-1A3956D46DE8}") = "src", "src", "{F27A2087-5E55-4AE6-AC9E-D3A1703E5FF3}"
EndProject
Project("{FAE04EC0-301F-11D3-BF4B-00C04F79EFBC}") = "GuitarProToMidi", "src\GuitarProToMidi.Console\GuitarProToMidi.csproj", "{CBC4E1FC-BCD4-41D4-B3CB-38B8EF75C34C}"
EndProject
Global
	GlobalSection(SolutionConfigurationPlatforms) = preSolution
		Debug|Any CPU = Debug|Any CPU
		Debug|x64 = Debug|x64
		Debug|x86 = Debug|x86
		Release|Any CPU = Release|Any CPU
		Release|x64 = Release|x64
		Release|x86 = Release|x86
	EndGlobalSection
	GlobalSection(SolutionProperties) = preSolution
		HideSolutionNode = FALSE
	EndGlobalSection
	GlobalSection(ProjectConfigurationPlatforms) = postSolution
		{CBC4E1FC-BCD4-41D4-B3CB-38B8EF75C34C}.Debug|Any CPU.ActiveCfg = Debug|Any CPU
		{CBC4E1FC-BCD4-41D4-B3CB-38B8EF75C34C}.Debug|Any CPU.Build.0 = Debug|Any CPU
		{CBC4E1FC-BCD4-41D4-B3CB-38B8EF75C34C}.Debug|x64.ActiveCfg = Debug|Any CPU
		{CBC4E1FC-BCD4-41D4-B3CB-38B8EF75C34C}.Debug|x64.Build.0 = Debug|Any CPU
		{CBC4E1FC-BCD4-41D4-B3CB-38B8EF75C34C}.Debug|x86.ActiveCfg = Debug|Any CPU
		{CBC4E1FC-BCD4-41D4-B3CB-38B8EF75C34C}.Debug|x86.Build.0 = Debug|Any CPU
		{CBC4E1FC-BCD4-41D4-B3CB-38B8EF75C34C}.Release|Any CPU.ActiveCfg = Release|Any CPU
		{CBC4E1FC-BCD4-41D4-B3CB-38B8EF75C34C}.Release|Any CPU.Build.0 = Release|Any CPU
		{CBC4E1FC-BCD4-41D4-B3CB-38B8EF75C34C}.Release|x64.ActiveCfg = Release|Any CPU
		{CBC4E1FC-BCD4-41D4-B3CB-38B8EF75C34C}.Release|x64.Build.0 = Release|Any CPU
		{CBC4E1FC-BCD4-41D4-B3CB-38B8EF75C34C}.Release|x86.ActiveCfg = Release|Any CPU
		{CBC4E1FC-BCD4-41D4-B3CB-38B8EF75C34C}.Release|x86.Build.0 = Release|Any CPU
	EndGlobalSection
	GlobalSection(NestedProjects) = preSolution
		{CBC4E1FC-BCD4-41D4-B3CB-38B8EF75C34C} = {F27A2087-5E55-4AE6-AC9E-D3A1703E5FF3}
	EndGlobalSection
EndGlobal
